// !$*UTF8*$!
{
	archiveVersion = 1;
	classes = {
	};
	objectVersion = 56;
	objects = {

/* Begin PBXBuildFile section */
		71D7171B2B9F036E009B1FD3 /* Fashion_FixxApp.swift in Sources */ = {isa = PBXBuildFile; fileRef = 71D7171A2B9F036E009B1FD3 /* Fashion_FixxApp.swift */; };
		71D7171F2B9F0371009B1FD3 /* Assets.xcassets in Resources */ = {isa = PBXBuildFile; fileRef = 71D7171E2B9F0371009B1FD3 /* Assets.xcassets */; };
		71D717222B9F0371009B1FD3 /* Preview Assets.xcassets in Resources */ = {isa = PBXBuildFile; fileRef = 71D717212B9F0371009B1FD3 /* Preview Assets.xcassets */; };
		71D7172C2B9F0372009B1FD3 /* Fashion_FixxTests.swift in Sources */ = {isa = PBXBuildFile; fileRef = 71D7172B2B9F0372009B1FD3 /* Fashion_FixxTests.swift */; };
		71D717362B9F0372009B1FD3 /* Fashion_FixxUITests.swift in Sources */ = {isa = PBXBuildFile; fileRef = 71D717352B9F0372009B1FD3 /* Fashion_FixxUITests.swift */; };
		71D717382B9F0372009B1FD3 /* Fashion_FixxUITestsLaunchTests.swift in Sources */ = {isa = PBXBuildFile; fileRef = 71D717372B9F0372009B1FD3 /* Fashion_FixxUITestsLaunchTests.swift */; };
		71D717492B9F050C009B1FD3 /* Poppins-Medium.ttf in Resources */ = {isa = PBXBuildFile; fileRef = 71D717452B9F050B009B1FD3 /* Poppins-Medium.ttf */; };
		71D7174A2B9F050C009B1FD3 /* Poppins-Regular.ttf in Resources */ = {isa = PBXBuildFile; fileRef = 71D717462B9F050C009B1FD3 /* Poppins-Regular.ttf */; };
		71D7174B2B9F050C009B1FD3 /* Poppins-Bold.ttf in Resources */ = {isa = PBXBuildFile; fileRef = 71D717472B9F050C009B1FD3 /* Poppins-Bold.ttf */; };
		71D7174C2B9F050C009B1FD3 /* Poppins-SemiBold.ttf in Resources */ = {isa = PBXBuildFile; fileRef = 71D717482B9F050C009B1FD3 /* Poppins-SemiBold.ttf */; };
		71D717552B9F08F5009B1FD3 /* Launch Screen.storyboard in Resources */ = {isa = PBXBuildFile; fileRef = 71D717542B9F08F5009B1FD3 /* Launch Screen.storyboard */; };
		71D717572B9F10E9009B1FD3 /* UIExtention.swift in Sources */ = {isa = PBXBuildFile; fileRef = 71D717562B9F10E9009B1FD3 /* UIExtention.swift */; };
		71D717592B9F141D009B1FD3 /* LoginView.swift in Sources */ = {isa = PBXBuildFile; fileRef = 71D717582B9F141D009B1FD3 /* LoginView.swift */; };
		71D7175B2B9F1EAF009B1FD3 /* SignupView.swift in Sources */ = {isa = PBXBuildFile; fileRef = 71D7175A2B9F1EAF009B1FD3 /* SignupView.swift */; };
		71D7175E2B9F3DA1009B1FD3 /* CountryPicker in Frameworks */ = {isa = PBXBuildFile; productRef = 71D7175D2B9F3DA1009B1FD3 /* CountryPicker */; };
		71D717602B9F3DDD009B1FD3 /* CountryPickerUI.swift in Sources */ = {isa = PBXBuildFile; fileRef = 71D7175F2B9F3DDD009B1FD3 /* CountryPickerUI.swift */; };
		71D717622B9F3F80009B1FD3 /* MainViewModel.swift in Sources */ = {isa = PBXBuildFile; fileRef = 71D717612B9F3F7F009B1FD3 /* MainViewModel.swift */; };
		71D717642B9F4107009B1FD3 /* LineTextField.swift in Sources */ = {isa = PBXBuildFile; fileRef = 71D717632B9F4107009B1FD3 /* LineTextField.swift */; };
		71D717662B9F780C009B1FD3 /* ForgotPasswordView.swift in Sources */ = {isa = PBXBuildFile; fileRef = 71D717652B9F780C009B1FD3 /* ForgotPasswordView.swift */; };
		71D717682B9FCD4F009B1FD3 /* RoundButton.swift in Sources */ = {isa = PBXBuildFile; fileRef = 71D717672B9FCD4F009B1FD3 /* RoundButton.swift */; };
		71D7176A2B9FD018009B1FD3 /* ServiceCall.swift in Sources */ = {isa = PBXBuildFile; fileRef = 71D717692B9FD018009B1FD3 /* ServiceCall.swift */; };
		71D7176C2B9FD1C4009B1FD3 /* Globs.swift in Sources */ = {isa = PBXBuildFile; fileRef = 71D7176B2B9FD1C4009B1FD3 /* Globs.swift */; };
		71D7176F2B9FD738009B1FD3 /* UIKitExtension.swift in Sources */ = {isa = PBXBuildFile; fileRef = 71D7176E2B9FD738009B1FD3 /* UIKitExtension.swift */; };
		71D717712B9FEE18009B1FD3 /* UserModel.swift in Sources */ = {isa = PBXBuildFile; fileRef = 71D717702B9FEE18009B1FD3 /* UserModel.swift */; };
		71D717732B9FF014009B1FD3 /* WelcomeView.swift in Sources */ = {isa = PBXBuildFile; fileRef = 71D717722B9FF014009B1FD3 /* WelcomeView.swift */; };
		71D717772B9FF04A009B1FD3 /* MainTabView.swift in Sources */ = {isa = PBXBuildFile; fileRef = 71D717762B9FF04A009B1FD3 /* MainTabView.swift */; };
		71D717792B9FFBC4009B1FD3 /* HomeViewModel.swift in Sources */ = {isa = PBXBuildFile; fileRef = 71D717782B9FFBC4009B1FD3 /* HomeViewModel.swift */; };
		71D7177C2B9FFDE1009B1FD3 /* HomeView.swift in Sources */ = {isa = PBXBuildFile; fileRef = 71D7177B2B9FFDE0009B1FD3 /* HomeView.swift */; };
		71D7177F2B9FFE26009B1FD3 /* ExploreView.swift in Sources */ = {isa = PBXBuildFile; fileRef = 71D7177E2B9FFE26009B1FD3 /* ExploreView.swift */; };
		71D717812BA005D1009B1FD3 /* TabButton.swift in Sources */ = {isa = PBXBuildFile; fileRef = 71D717802BA005D1009B1FD3 /* TabButton.swift */; };
		71D717842BA0066B009B1FD3 /* MyCartView.swift in Sources */ = {isa = PBXBuildFile; fileRef = 71D717832BA0066B009B1FD3 /* MyCartView.swift */; };
		71D717872BA00695009B1FD3 /* FavouriteView.swift in Sources */ = {isa = PBXBuildFile; fileRef = 71D717862BA00695009B1FD3 /* FavouriteView.swift */; };
		71D7178A2BA006B6009B1FD3 /* AccountView.swift in Sources */ = {isa = PBXBuildFile; fileRef = 71D717892BA006B6009B1FD3 /* AccountView.swift */; };
		71D7178C2BA0099E009B1FD3 /* SearchTextField.swift in Sources */ = {isa = PBXBuildFile; fileRef = 71D7178B2BA0099E009B1FD3 /* SearchTextField.swift */; };
		71D7178E2BA01244009B1FD3 /* SectionTitleAll.swift in Sources */ = {isa = PBXBuildFile; fileRef = 71D7178D2BA01244009B1FD3 /* SectionTitleAll.swift */; };
		71D717902BA014A5009B1FD3 /* ProductCell.swift in Sources */ = {isa = PBXBuildFile; fileRef = 71D7178F2BA014A5009B1FD3 /* ProductCell.swift */; };
		71D717922BA0157B009B1FD3 /* CategoryCell.swift in Sources */ = {isa = PBXBuildFile; fileRef = 71D717912BA0157B009B1FD3 /* CategoryCell.swift */; };
		71D717942BA0161E009B1FD3 /* ProductModel.swift in Sources */ = {isa = PBXBuildFile; fileRef = 71D717932BA0161E009B1FD3 /* ProductModel.swift */; };
		71D717962BA016B7009B1FD3 /* TypeModel.swift in Sources */ = {isa = PBXBuildFile; fileRef = 71D717952BA016B7009B1FD3 /* TypeModel.swift */; };
		71D717992BA017CE009B1FD3 /* SDWebImageSwiftUI in Frameworks */ = {isa = PBXBuildFile; productRef = 71D717982BA017CE009B1FD3 /* SDWebImageSwiftUI */; };
		71D7179B2BA01866009B1FD3 /* ProductDetailViewModel.swift in Sources */ = {isa = PBXBuildFile; fileRef = 71D7179A2BA01866009B1FD3 /* ProductDetailViewModel.swift */; };
/* End PBXBuildFile section */

/* Begin PBXContainerItemProxy section */
		71D717282B9F0372009B1FD3 /* PBXContainerItemProxy */ = {
			isa = PBXContainerItemProxy;
			containerPortal = 71D7170F2B9F036E009B1FD3 /* Project object */;
			proxyType = 1;
			remoteGlobalIDString = 71D717162B9F036E009B1FD3;
			remoteInfo = "Fashion Fixx";
		};
		71D717322B9F0372009B1FD3 /* PBXContainerItemProxy */ = {
			isa = PBXContainerItemProxy;
			containerPortal = 71D7170F2B9F036E009B1FD3 /* Project object */;
			proxyType = 1;
			remoteGlobalIDString = 71D717162B9F036E009B1FD3;
			remoteInfo = "Fashion Fixx";
		};
/* End PBXContainerItemProxy section */

/* Begin PBXFileReference section */
		71D717172B9F036E009B1FD3 /* Fashion Fixx.app */ = {isa = PBXFileReference; explicitFileType = wrapper.application; includeInIndex = 0; path = "Fashion Fixx.app"; sourceTree = BUILT_PRODUCTS_DIR; };
		71D7171A2B9F036E009B1FD3 /* Fashion_FixxApp.swift */ = {isa = PBXFileReference; lastKnownFileType = sourcecode.swift; path = Fashion_FixxApp.swift; sourceTree = "<group>"; };
		71D7171E2B9F0371009B1FD3 /* Assets.xcassets */ = {isa = PBXFileReference; lastKnownFileType = folder.assetcatalog; path = Assets.xcassets; sourceTree = "<group>"; };
		71D717212B9F0371009B1FD3 /* Preview Assets.xcassets */ = {isa = PBXFileReference; lastKnownFileType = folder.assetcatalog; path = "Preview Assets.xcassets"; sourceTree = "<group>"; };
		71D717272B9F0372009B1FD3 /* Fashion FixxTests.xctest */ = {isa = PBXFileReference; explicitFileType = wrapper.cfbundle; includeInIndex = 0; path = "Fashion FixxTests.xctest"; sourceTree = BUILT_PRODUCTS_DIR; };
		71D7172B2B9F0372009B1FD3 /* Fashion_FixxTests.swift */ = {isa = PBXFileReference; lastKnownFileType = sourcecode.swift; path = Fashion_FixxTests.swift; sourceTree = "<group>"; };
		71D717312B9F0372009B1FD3 /* Fashion FixxUITests.xctest */ = {isa = PBXFileReference; explicitFileType = wrapper.cfbundle; includeInIndex = 0; path = "Fashion FixxUITests.xctest"; sourceTree = BUILT_PRODUCTS_DIR; };
		71D717352B9F0372009B1FD3 /* Fashion_FixxUITests.swift */ = {isa = PBXFileReference; lastKnownFileType = sourcecode.swift; path = Fashion_FixxUITests.swift; sourceTree = "<group>"; };
		71D717372B9F0372009B1FD3 /* Fashion_FixxUITestsLaunchTests.swift */ = {isa = PBXFileReference; lastKnownFileType = sourcecode.swift; path = Fashion_FixxUITestsLaunchTests.swift; sourceTree = "<group>"; };
		71D717452B9F050B009B1FD3 /* Poppins-Medium.ttf */ = {isa = PBXFileReference; lastKnownFileType = file; path = "Poppins-Medium.ttf"; sourceTree = "<group>"; };
		71D717462B9F050C009B1FD3 /* Poppins-Regular.ttf */ = {isa = PBXFileReference; lastKnownFileType = file; path = "Poppins-Regular.ttf"; sourceTree = "<group>"; };
		71D717472B9F050C009B1FD3 /* Poppins-Bold.ttf */ = {isa = PBXFileReference; lastKnownFileType = file; path = "Poppins-Bold.ttf"; sourceTree = "<group>"; };
		71D717482B9F050C009B1FD3 /* Poppins-SemiBold.ttf */ = {isa = PBXFileReference; lastKnownFileType = file; path = "Poppins-SemiBold.ttf"; sourceTree = "<group>"; };
		71D7174D2B9F0535009B1FD3 /* Fashion-Fixx-Info.plist */ = {isa = PBXFileReference; lastKnownFileType = text.plist; path = "Fashion-Fixx-Info.plist"; sourceTree = SOURCE_ROOT; };
		71D717542B9F08F5009B1FD3 /* Launch Screen.storyboard */ = {isa = PBXFileReference; lastKnownFileType = file.storyboard; path = "Launch Screen.storyboard"; sourceTree = "<group>"; };
		71D717562B9F10E9009B1FD3 /* UIExtention.swift */ = {isa = PBXFileReference; lastKnownFileType = sourcecode.swift; path = UIExtention.swift; sourceTree = "<group>"; };
		71D717582B9F141D009B1FD3 /* LoginView.swift */ = {isa = PBXFileReference; lastKnownFileType = sourcecode.swift; path = LoginView.swift; sourceTree = "<group>"; };
		71D7175A2B9F1EAF009B1FD3 /* SignupView.swift */ = {isa = PBXFileReference; lastKnownFileType = sourcecode.swift; path = SignupView.swift; sourceTree = "<group>"; };
		71D7175F2B9F3DDD009B1FD3 /* CountryPickerUI.swift */ = {isa = PBXFileReference; lastKnownFileType = sourcecode.swift; path = CountryPickerUI.swift; sourceTree = "<group>"; };
		71D717612B9F3F7F009B1FD3 /* MainViewModel.swift */ = {isa = PBXFileReference; lastKnownFileType = sourcecode.swift; path = MainViewModel.swift; sourceTree = "<group>"; };
		71D717632B9F4107009B1FD3 /* LineTextField.swift */ = {isa = PBXFileReference; lastKnownFileType = sourcecode.swift; path = LineTextField.swift; sourceTree = "<group>"; };
		71D717652B9F780C009B1FD3 /* ForgotPasswordView.swift */ = {isa = PBXFileReference; lastKnownFileType = sourcecode.swift; path = ForgotPasswordView.swift; sourceTree = "<group>"; };
		71D717672B9FCD4F009B1FD3 /* RoundButton.swift */ = {isa = PBXFileReference; lastKnownFileType = sourcecode.swift; path = RoundButton.swift; sourceTree = "<group>"; };
		71D717692B9FD018009B1FD3 /* ServiceCall.swift */ = {isa = PBXFileReference; lastKnownFileType = sourcecode.swift; path = ServiceCall.swift; sourceTree = "<group>"; };
		71D7176B2B9FD1C4009B1FD3 /* Globs.swift */ = {isa = PBXFileReference; lastKnownFileType = sourcecode.swift; path = Globs.swift; sourceTree = "<group>"; };
		71D7176E2B9FD738009B1FD3 /* UIKitExtension.swift */ = {isa = PBXFileReference; lastKnownFileType = sourcecode.swift; path = UIKitExtension.swift; sourceTree = "<group>"; };
		71D717702B9FEE18009B1FD3 /* UserModel.swift */ = {isa = PBXFileReference; lastKnownFileType = sourcecode.swift; path = UserModel.swift; sourceTree = "<group>"; };
		71D717722B9FF014009B1FD3 /* WelcomeView.swift */ = {isa = PBXFileReference; lastKnownFileType = sourcecode.swift; path = WelcomeView.swift; sourceTree = "<group>"; };
		71D717762B9FF04A009B1FD3 /* MainTabView.swift */ = {isa = PBXFileReference; lastKnownFileType = sourcecode.swift; path = MainTabView.swift; sourceTree = "<group>"; };
		71D717782B9FFBC4009B1FD3 /* HomeViewModel.swift */ = {isa = PBXFileReference; lastKnownFileType = sourcecode.swift; path = HomeViewModel.swift; sourceTree = "<group>"; };
		71D7177B2B9FFDE0009B1FD3 /* HomeView.swift */ = {isa = PBXFileReference; lastKnownFileType = sourcecode.swift; path = HomeView.swift; sourceTree = "<group>"; };
		71D7177E2B9FFE26009B1FD3 /* ExploreView.swift */ = {isa = PBXFileReference; lastKnownFileType = sourcecode.swift; path = ExploreView.swift; sourceTree = "<group>"; };
		71D717802BA005D1009B1FD3 /* TabButton.swift */ = {isa = PBXFileReference; lastKnownFileType = sourcecode.swift; path = TabButton.swift; sourceTree = "<group>"; };
		71D717832BA0066B009B1FD3 /* MyCartView.swift */ = {isa = PBXFileReference; lastKnownFileType = sourcecode.swift; path = MyCartView.swift; sourceTree = "<group>"; };
		71D717862BA00695009B1FD3 /* FavouriteView.swift */ = {isa = PBXFileReference; lastKnownFileType = sourcecode.swift; path = FavouriteView.swift; sourceTree = "<group>"; };
		71D717892BA006B6009B1FD3 /* AccountView.swift */ = {isa = PBXFileReference; lastKnownFileType = sourcecode.swift; path = AccountView.swift; sourceTree = "<group>"; };
		71D7178B2BA0099E009B1FD3 /* SearchTextField.swift */ = {isa = PBXFileReference; lastKnownFileType = sourcecode.swift; path = SearchTextField.swift; sourceTree = "<group>"; };
		71D7178D2BA01244009B1FD3 /* SectionTitleAll.swift */ = {isa = PBXFileReference; lastKnownFileType = sourcecode.swift; path = SectionTitleAll.swift; sourceTree = "<group>"; };
		71D7178F2BA014A5009B1FD3 /* ProductCell.swift */ = {isa = PBXFileReference; lastKnownFileType = sourcecode.swift; path = ProductCell.swift; sourceTree = "<group>"; };
		71D717912BA0157B009B1FD3 /* CategoryCell.swift */ = {isa = PBXFileReference; lastKnownFileType = sourcecode.swift; path = CategoryCell.swift; sourceTree = "<group>"; };
		71D717932BA0161E009B1FD3 /* ProductModel.swift */ = {isa = PBXFileReference; lastKnownFileType = sourcecode.swift; path = ProductModel.swift; sourceTree = "<group>"; };
		71D717952BA016B7009B1FD3 /* TypeModel.swift */ = {isa = PBXFileReference; lastKnownFileType = sourcecode.swift; path = TypeModel.swift; sourceTree = "<group>"; };
		71D7179A2BA01866009B1FD3 /* ProductDetailViewModel.swift */ = {isa = PBXFileReference; lastKnownFileType = sourcecode.swift; path = ProductDetailViewModel.swift; sourceTree = "<group>"; };
/* End PBXFileReference section */

/* Begin PBXFrameworksBuildPhase section */
		71D717142B9F036E009B1FD3 /* Frameworks */ = {
			isa = PBXFrameworksBuildPhase;
			buildActionMask = 2147483647;
			files = (
				71D717992BA017CE009B1FD3 /* SDWebImageSwiftUI in Frameworks */,
				71D7175E2B9F3DA1009B1FD3 /* CountryPicker in Frameworks */,
			);
			runOnlyForDeploymentPostprocessing = 0;
		};
		71D717242B9F0372009B1FD3 /* Frameworks */ = {
			isa = PBXFrameworksBuildPhase;
			buildActionMask = 2147483647;
			files = (
			);
			runOnlyForDeploymentPostprocessing = 0;
		};
		71D7172E2B9F0372009B1FD3 /* Frameworks */ = {
			isa = PBXFrameworksBuildPhase;
			buildActionMask = 2147483647;
			files = (
			);
			runOnlyForDeploymentPostprocessing = 0;
		};
/* End PBXFrameworksBuildPhase section */

/* Begin PBXGroup section */
		71D7170E2B9F036E009B1FD3 = {
			isa = PBXGroup;
			children = (
				71D717192B9F036E009B1FD3 /* Fashion Fixx */,
				71D7172A2B9F0372009B1FD3 /* Fashion FixxTests */,
				71D717342B9F0372009B1FD3 /* Fashion FixxUITests */,
				71D717182B9F036E009B1FD3 /* Products */,
			);
			sourceTree = "<group>";
		};
		71D717182B9F036E009B1FD3 /* Products */ = {
			isa = PBXGroup;
			children = (
				71D717172B9F036E009B1FD3 /* Fashion Fixx.app */,
				71D717272B9F0372009B1FD3 /* Fashion FixxTests.xctest */,
				71D717312B9F0372009B1FD3 /* Fashion FixxUITests.xctest */,
			);
			name = Products;
			sourceTree = "<group>";
		};
		71D717192B9F036E009B1FD3 /* Fashion Fixx */ = {
			isa = PBXGroup;
			children = (
				71D7176D2B9FD704009B1FD3 /* Common */,
				71D7171E2B9F0371009B1FD3 /* Assets.xcassets */,
				71D7171A2B9F036E009B1FD3 /* Fashion_FixxApp.swift */,
				71D7174D2B9F0535009B1FD3 /* Fashion-Fixx-Info.plist */,
				71D717442B9F04D3009B1FD3 /* Fonts */,
				71D717542B9F08F5009B1FD3 /* Launch Screen.storyboard */,
				71D717502B9F076D009B1FD3 /* Model */,
				71D717202B9F0371009B1FD3 /* Preview Content */,
				71D7174E2B9F0759009B1FD3 /* UICommon */,
				71D717512B9F0776009B1FD3 /* View */,
				71D7174F2B9F0763009B1FD3 /* ViewModel */,
			);
			path = "Fashion Fixx";
			sourceTree = "<group>";
		};
		71D717202B9F0371009B1FD3 /* Preview Content */ = {
			isa = PBXGroup;
			children = (
				71D717212B9F0371009B1FD3 /* Preview Assets.xcassets */,
			);
			path = "Preview Content";
			sourceTree = "<group>";
		};
		71D7172A2B9F0372009B1FD3 /* Fashion FixxTests */ = {
			isa = PBXGroup;
			children = (
				71D7172B2B9F0372009B1FD3 /* Fashion_FixxTests.swift */,
			);
			path = "Fashion FixxTests";
			sourceTree = "<group>";
		};
		71D717342B9F0372009B1FD3 /* Fashion FixxUITests */ = {
			isa = PBXGroup;
			children = (
				71D717352B9F0372009B1FD3 /* Fashion_FixxUITests.swift */,
				71D717372B9F0372009B1FD3 /* Fashion_FixxUITestsLaunchTests.swift */,
			);
			path = "Fashion FixxUITests";
			sourceTree = "<group>";
		};
		71D717442B9F04D3009B1FD3 /* Fonts */ = {
			isa = PBXGroup;
			children = (
				71D717472B9F050C009B1FD3 /* Poppins-Bold.ttf */,
				71D717452B9F050B009B1FD3 /* Poppins-Medium.ttf */,
				71D717462B9F050C009B1FD3 /* Poppins-Regular.ttf */,
				71D717482B9F050C009B1FD3 /* Poppins-SemiBold.ttf */,
			);
			path = Fonts;
			sourceTree = "<group>";
		};
		71D7174E2B9F0759009B1FD3 /* UICommon */ = {
			isa = PBXGroup;
			children = (
				71D717562B9F10E9009B1FD3 /* UIExtention.swift */,
				71D7175F2B9F3DDD009B1FD3 /* CountryPickerUI.swift */,
				71D717632B9F4107009B1FD3 /* LineTextField.swift */,
				71D717672B9FCD4F009B1FD3 /* RoundButton.swift */,
				71D717692B9FD018009B1FD3 /* ServiceCall.swift */,
				71D7176B2B9FD1C4009B1FD3 /* Globs.swift */,
				71D717802BA005D1009B1FD3 /* TabButton.swift */,
				71D7178B2BA0099E009B1FD3 /* SearchTextField.swift */,
				71D7178D2BA01244009B1FD3 /* SectionTitleAll.swift */,
				71D7178F2BA014A5009B1FD3 /* ProductCell.swift */,
				71D717912BA0157B009B1FD3 /* CategoryCell.swift */,
			);
			path = UICommon;
			sourceTree = "<group>";
		};
		71D7174F2B9F0763009B1FD3 /* ViewModel */ = {
			isa = PBXGroup;
			children = (
				71D717612B9F3F7F009B1FD3 /* MainViewModel.swift */,
				71D717782B9FFBC4009B1FD3 /* HomeViewModel.swift */,
				71D7179A2BA01866009B1FD3 /* ProductDetailViewModel.swift */,
			);
			path = ViewModel;
			sourceTree = "<group>";
		};
		71D717502B9F076D009B1FD3 /* Model */ = {
			isa = PBXGroup;
			children = (
				71D717702B9FEE18009B1FD3 /* UserModel.swift */,
				71D717932BA0161E009B1FD3 /* ProductModel.swift */,
				71D717952BA016B7009B1FD3 /* TypeModel.swift */,
			);
			path = Model;
			sourceTree = "<group>";
		};
		71D717512B9F0776009B1FD3 /* View */ = {
			isa = PBXGroup;
			children = (
				71D717882BA006A9009B1FD3 /* Account */,
				71D717852BA00682009B1FD3 /* Favourite */,
				71D717822BA00660009B1FD3 /* Cart */,
				71D7177D2B9FFE14009B1FD3 /* Explore */,
				71D7177A2B9FFDCC009B1FD3 /* Home */,
				71D717752B9FF024009B1FD3 /* Login */,
				71D717742B9FF019009B1FD3 /* MainTab */,
			);
			path = View;
			sourceTree = "<group>";
		};
		71D7176D2B9FD704009B1FD3 /* Common */ = {
			isa = PBXGroup;
			children = (
				71D7176E2B9FD738009B1FD3 /* UIKitExtension.swift */,
			);
			path = Common;
			sourceTree = "<group>";
		};
		71D717742B9FF019009B1FD3 /* MainTab */ = {
			isa = PBXGroup;
			children = (
				71D717762B9FF04A009B1FD3 /* MainTabView.swift */,
			);
			path = MainTab;
			sourceTree = "<group>";
		};
		71D717752B9FF024009B1FD3 /* Login */ = {
			isa = PBXGroup;
			children = (
				71D717582B9F141D009B1FD3 /* LoginView.swift */,
				71D7175A2B9F1EAF009B1FD3 /* SignupView.swift */,
				71D717652B9F780C009B1FD3 /* ForgotPasswordView.swift */,
				71D717722B9FF014009B1FD3 /* WelcomeView.swift */,
			);
			path = Login;
			sourceTree = "<group>";
		};
		71D7177A2B9FFDCC009B1FD3 /* Home */ = {
			isa = PBXGroup;
			children = (
				71D7177B2B9FFDE0009B1FD3 /* HomeView.swift */,
			);
			path = Home;
			sourceTree = "<group>";
		};
		71D7177D2B9FFE14009B1FD3 /* Explore */ = {
			isa = PBXGroup;
			children = (
				71D7177E2B9FFE26009B1FD3 /* ExploreView.swift */,
			);
			path = Explore;
			sourceTree = "<group>";
		};
		71D717822BA00660009B1FD3 /* Cart */ = {
			isa = PBXGroup;
			children = (
				71D717832BA0066B009B1FD3 /* MyCartView.swift */,
			);
			path = Cart;
			sourceTree = "<group>";
		};
		71D717852BA00682009B1FD3 /* Favourite */ = {
			isa = PBXGroup;
			children = (
				71D717862BA00695009B1FD3 /* FavouriteView.swift */,
			);
			path = Favourite;
			sourceTree = "<group>";
		};
		71D717882BA006A9009B1FD3 /* Account */ = {
			isa = PBXGroup;
			children = (
				71D717892BA006B6009B1FD3 /* AccountView.swift */,
			);
			path = Account;
			sourceTree = "<group>";
		};
/* End PBXGroup section */

/* Begin PBXNativeTarget section */
		71D717162B9F036E009B1FD3 /* Fashion Fixx */ = {
			isa = PBXNativeTarget;
			buildConfigurationList = 71D7173B2B9F0372009B1FD3 /* Build configuration list for PBXNativeTarget "Fashion Fixx" */;
			buildPhases = (
				71D717132B9F036E009B1FD3 /* Sources */,
				71D717142B9F036E009B1FD3 /* Frameworks */,
				71D717152B9F036E009B1FD3 /* Resources */,
			);
			buildRules = (
			);
			dependencies = (
			);
			name = "Fashion Fixx";
			packageProductDependencies = (
				71D7175D2B9F3DA1009B1FD3 /* CountryPicker */,
				71D717982BA017CE009B1FD3 /* SDWebImageSwiftUI */,
			);
			productName = "Fashion Fixx";
			productReference = 71D717172B9F036E009B1FD3 /* Fashion Fixx.app */;
			productType = "com.apple.product-type.application";
		};
		71D717262B9F0372009B1FD3 /* Fashion FixxTests */ = {
			isa = PBXNativeTarget;
			buildConfigurationList = 71D7173E2B9F0372009B1FD3 /* Build configuration list for PBXNativeTarget "Fashion FixxTests" */;
			buildPhases = (
				71D717232B9F0372009B1FD3 /* Sources */,
				71D717242B9F0372009B1FD3 /* Frameworks */,
				71D717252B9F0372009B1FD3 /* Resources */,
			);
			buildRules = (
			);
			dependencies = (
				71D717292B9F0372009B1FD3 /* PBXTargetDependency */,
			);
			name = "Fashion FixxTests";
			productName = "Fashion FixxTests";
			productReference = 71D717272B9F0372009B1FD3 /* Fashion FixxTests.xctest */;
			productType = "com.apple.product-type.bundle.unit-test";
		};
		71D717302B9F0372009B1FD3 /* Fashion FixxUITests */ = {
			isa = PBXNativeTarget;
			buildConfigurationList = 71D717412B9F0372009B1FD3 /* Build configuration list for PBXNativeTarget "Fashion FixxUITests" */;
			buildPhases = (
				71D7172D2B9F0372009B1FD3 /* Sources */,
				71D7172E2B9F0372009B1FD3 /* Frameworks */,
				71D7172F2B9F0372009B1FD3 /* Resources */,
			);
			buildRules = (
			);
			dependencies = (
				71D717332B9F0372009B1FD3 /* PBXTargetDependency */,
			);
			name = "Fashion FixxUITests";
			productName = "Fashion FixxUITests";
			productReference = 71D717312B9F0372009B1FD3 /* Fashion FixxUITests.xctest */;
			productType = "com.apple.product-type.bundle.ui-testing";
		};
/* End PBXNativeTarget section */

/* Begin PBXProject section */
		71D7170F2B9F036E009B1FD3 /* Project object */ = {
			isa = PBXProject;
			attributes = {
				BuildIndependentTargetsInParallel = 1;
				LastSwiftUpdateCheck = 1500;
				LastUpgradeCheck = 1500;
				TargetAttributes = {
					71D717162B9F036E009B1FD3 = {
						CreatedOnToolsVersion = 15.0.1;
					};
					71D717262B9F0372009B1FD3 = {
						CreatedOnToolsVersion = 15.0.1;
						TestTargetID = 71D717162B9F036E009B1FD3;
					};
					71D717302B9F0372009B1FD3 = {
						CreatedOnToolsVersion = 15.0.1;
						TestTargetID = 71D717162B9F036E009B1FD3;
					};
				};
			};
			buildConfigurationList = 71D717122B9F036E009B1FD3 /* Build configuration list for PBXProject "Fashion Fixx" */;
			compatibilityVersion = "Xcode 14.0";
			developmentRegion = en;
			hasScannedForEncodings = 0;
			knownRegions = (
				en,
				Base,
			);
			mainGroup = 71D7170E2B9F036E009B1FD3;
			packageReferences = (
				71D7175C2B9F3DA1009B1FD3 /* XCRemoteSwiftPackageReference "CountryPicker" */,
				71D717972BA017CE009B1FD3 /* XCRemoteSwiftPackageReference "SDWebImageSwiftUI" */,
			);
			productRefGroup = 71D717182B9F036E009B1FD3 /* Products */;
			projectDirPath = "";
			projectRoot = "";
			targets = (
				71D717162B9F036E009B1FD3 /* Fashion Fixx */,
				71D717262B9F0372009B1FD3 /* Fashion FixxTests */,
				71D717302B9F0372009B1FD3 /* Fashion FixxUITests */,
			);
		};
/* End PBXProject section */

/* Begin PBXResourcesBuildPhase section */
		71D717152B9F036E009B1FD3 /* Resources */ = {
			isa = PBXResourcesBuildPhase;
			buildActionMask = 2147483647;
			files = (
				71D717492B9F050C009B1FD3 /* Poppins-Medium.ttf in Resources */,
				71D717222B9F0371009B1FD3 /* Preview Assets.xcassets in Resources */,
				71D7174B2B9F050C009B1FD3 /* Poppins-Bold.ttf in Resources */,
				71D7174C2B9F050C009B1FD3 /* Poppins-SemiBold.ttf in Resources */,
				71D7171F2B9F0371009B1FD3 /* Assets.xcassets in Resources */,
				71D7174A2B9F050C009B1FD3 /* Poppins-Regular.ttf in Resources */,
				71D717552B9F08F5009B1FD3 /* Launch Screen.storyboard in Resources */,
			);
			runOnlyForDeploymentPostprocessing = 0;
		};
		71D717252B9F0372009B1FD3 /* Resources */ = {
			isa = PBXResourcesBuildPhase;
			buildActionMask = 2147483647;
			files = (
			);
			runOnlyForDeploymentPostprocessing = 0;
		};
		71D7172F2B9F0372009B1FD3 /* Resources */ = {
			isa = PBXResourcesBuildPhase;
			buildActionMask = 2147483647;
			files = (
			);
			runOnlyForDeploymentPostprocessing = 0;
		};
/* End PBXResourcesBuildPhase section */

/* Begin PBXSourcesBuildPhase section */
		71D717132B9F036E009B1FD3 /* Sources */ = {
			isa = PBXSourcesBuildPhase;
			buildActionMask = 2147483647;
			files = (
				71D7178E2BA01244009B1FD3 /* SectionTitleAll.swift in Sources */,
				71D717682B9FCD4F009B1FD3 /* RoundButton.swift in Sources */,
				71D7175B2B9F1EAF009B1FD3 /* SignupView.swift in Sources */,
				71D717572B9F10E9009B1FD3 /* UIExtention.swift in Sources */,
				71D717942BA0161E009B1FD3 /* ProductModel.swift in Sources */,
				71D717792B9FFBC4009B1FD3 /* HomeViewModel.swift in Sources */,
				71D7178A2BA006B6009B1FD3 /* AccountView.swift in Sources */,
				71D7176C2B9FD1C4009B1FD3 /* Globs.swift in Sources */,
				71D7177C2B9FFDE1009B1FD3 /* HomeView.swift in Sources */,
				71D717842BA0066B009B1FD3 /* MyCartView.swift in Sources */,
				71D717662B9F780C009B1FD3 /* ForgotPasswordView.swift in Sources */,
				71D7179B2BA01866009B1FD3 /* ProductDetailViewModel.swift in Sources */,
				71D7178C2BA0099E009B1FD3 /* SearchTextField.swift in Sources */,
				71D717712B9FEE18009B1FD3 /* UserModel.swift in Sources */,
				71D717902BA014A5009B1FD3 /* ProductCell.swift in Sources */,
				71D717922BA0157B009B1FD3 /* CategoryCell.swift in Sources */,
				71D717602B9F3DDD009B1FD3 /* CountryPickerUI.swift in Sources */,
				71D7176F2B9FD738009B1FD3 /* UIKitExtension.swift in Sources */,
				71D7177F2B9FFE26009B1FD3 /* ExploreView.swift in Sources */,
				71D717592B9F141D009B1FD3 /* LoginView.swift in Sources */,
				71D717812BA005D1009B1FD3 /* TabButton.swift in Sources */,
				71D7171B2B9F036E009B1FD3 /* Fashion_FixxApp.swift in Sources */,
				71D7176A2B9FD018009B1FD3 /* ServiceCall.swift in Sources */,
				71D717622B9F3F80009B1FD3 /* MainViewModel.swift in Sources */,
				71D717642B9F4107009B1FD3 /* LineTextField.swift in Sources */,
				71D717732B9FF014009B1FD3 /* WelcomeView.swift in Sources */,
				71D717962BA016B7009B1FD3 /* TypeModel.swift in Sources */,
				71D717872BA00695009B1FD3 /* FavouriteView.swift in Sources */,
				71D717772B9FF04A009B1FD3 /* MainTabView.swift in Sources */,
			);
			runOnlyForDeploymentPostprocessing = 0;
		};
		71D717232B9F0372009B1FD3 /* Sources */ = {
			isa = PBXSourcesBuildPhase;
			buildActionMask = 2147483647;
			files = (
				71D7172C2B9F0372009B1FD3 /* Fashion_FixxTests.swift in Sources */,
			);
			runOnlyForDeploymentPostprocessing = 0;
		};
		71D7172D2B9F0372009B1FD3 /* Sources */ = {
			isa = PBXSourcesBuildPhase;
			buildActionMask = 2147483647;
			files = (
				71D717382B9F0372009B1FD3 /* Fashion_FixxUITestsLaunchTests.swift in Sources */,
				71D717362B9F0372009B1FD3 /* Fashion_FixxUITests.swift in Sources */,
			);
			runOnlyForDeploymentPostprocessing = 0;
		};
/* End PBXSourcesBuildPhase section */

/* Begin PBXTargetDependency section */
		71D717292B9F0372009B1FD3 /* PBXTargetDependency */ = {
			isa = PBXTargetDependency;
			target = 71D717162B9F036E009B1FD3 /* Fashion Fixx */;
			targetProxy = 71D717282B9F0372009B1FD3 /* PBXContainerItemProxy */;
		};
		71D717332B9F0372009B1FD3 /* PBXTargetDependency */ = {
			isa = PBXTargetDependency;
			target = 71D717162B9F036E009B1FD3 /* Fashion Fixx */;
			targetProxy = 71D717322B9F0372009B1FD3 /* PBXContainerItemProxy */;
		};
/* End PBXTargetDependency section */

/* Begin XCBuildConfiguration section */
		71D717392B9F0372009B1FD3 /* Debug */ = {
			isa = XCBuildConfiguration;
			buildSettings = {
				ALWAYS_SEARCH_USER_PATHS = NO;
				ASSETCATALOG_COMPILER_GENERATE_SWIFT_ASSET_SYMBOL_EXTENSIONS = YES;
				CLANG_ANALYZER_NONNULL = YES;
				CLANG_ANALYZER_NUMBER_OBJECT_CONVERSION = YES_AGGRESSIVE;
				CLANG_CXX_LANGUAGE_STANDARD = "gnu++20";
				CLANG_ENABLE_MODULES = YES;
				CLANG_ENABLE_OBJC_ARC = YES;
				CLANG_ENABLE_OBJC_WEAK = YES;
				CLANG_WARN_BLOCK_CAPTURE_AUTORELEASING = YES;
				CLANG_WARN_BOOL_CONVERSION = YES;
				CLANG_WARN_COMMA = YES;
				CLANG_WARN_CONSTANT_CONVERSION = YES;
				CLANG_WARN_DEPRECATED_OBJC_IMPLEMENTATIONS = YES;
				CLANG_WARN_DIRECT_OBJC_ISA_USAGE = YES_ERROR;
				CLANG_WARN_DOCUMENTATION_COMMENTS = YES;
				CLANG_WARN_EMPTY_BODY = YES;
				CLANG_WARN_ENUM_CONVERSION = YES;
				CLANG_WARN_INFINITE_RECURSION = YES;
				CLANG_WARN_INT_CONVERSION = YES;
				CLANG_WARN_NON_LITERAL_NULL_CONVERSION = YES;
				CLANG_WARN_OBJC_IMPLICIT_RETAIN_SELF = YES;
				CLANG_WARN_OBJC_LITERAL_CONVERSION = YES;
				CLANG_WARN_OBJC_ROOT_CLASS = YES_ERROR;
				CLANG_WARN_QUOTED_INCLUDE_IN_FRAMEWORK_HEADER = YES;
				CLANG_WARN_RANGE_LOOP_ANALYSIS = YES;
				CLANG_WARN_STRICT_PROTOTYPES = YES;
				CLANG_WARN_SUSPICIOUS_MOVE = YES;
				CLANG_WARN_UNGUARDED_AVAILABILITY = YES_AGGRESSIVE;
				CLANG_WARN_UNREACHABLE_CODE = YES;
				CLANG_WARN__DUPLICATE_METHOD_MATCH = YES;
				COPY_PHASE_STRIP = NO;
				DEBUG_INFORMATION_FORMAT = dwarf;
				ENABLE_STRICT_OBJC_MSGSEND = YES;
				ENABLE_TESTABILITY = YES;
				ENABLE_USER_SCRIPT_SANDBOXING = YES;
				GCC_C_LANGUAGE_STANDARD = gnu17;
				GCC_DYNAMIC_NO_PIC = NO;
				GCC_NO_COMMON_BLOCKS = YES;
				GCC_OPTIMIZATION_LEVEL = 0;
				GCC_PREPROCESSOR_DEFINITIONS = (
					"DEBUG=1",
					"$(inherited)",
				);
				GCC_WARN_64_TO_32_BIT_CONVERSION = YES;
				GCC_WARN_ABOUT_RETURN_TYPE = YES_ERROR;
				GCC_WARN_UNDECLARED_SELECTOR = YES;
				GCC_WARN_UNINITIALIZED_AUTOS = YES_AGGRESSIVE;
				GCC_WARN_UNUSED_FUNCTION = YES;
				GCC_WARN_UNUSED_VARIABLE = YES;
				IPHONEOS_DEPLOYMENT_TARGET = 17.0;
				LOCALIZATION_PREFERS_STRING_CATALOGS = YES;
				MTL_ENABLE_DEBUG_INFO = INCLUDE_SOURCE;
				MTL_FAST_MATH = YES;
				ONLY_ACTIVE_ARCH = YES;
				SDKROOT = iphoneos;
				SWIFT_ACTIVE_COMPILATION_CONDITIONS = "DEBUG $(inherited)";
				SWIFT_OPTIMIZATION_LEVEL = "-Onone";
			};
			name = Debug;
		};
		71D7173A2B9F0372009B1FD3 /* Release */ = {
			isa = XCBuildConfiguration;
			buildSettings = {
				ALWAYS_SEARCH_USER_PATHS = NO;
				ASSETCATALOG_COMPILER_GENERATE_SWIFT_ASSET_SYMBOL_EXTENSIONS = YES;
				CLANG_ANALYZER_NONNULL = YES;
				CLANG_ANALYZER_NUMBER_OBJECT_CONVERSION = YES_AGGRESSIVE;
				CLANG_CXX_LANGUAGE_STANDARD = "gnu++20";
				CLANG_ENABLE_MODULES = YES;
				CLANG_ENABLE_OBJC_ARC = YES;
				CLANG_ENABLE_OBJC_WEAK = YES;
				CLANG_WARN_BLOCK_CAPTURE_AUTORELEASING = YES;
				CLANG_WARN_BOOL_CONVERSION = YES;
				CLANG_WARN_COMMA = YES;
				CLANG_WARN_CONSTANT_CONVERSION = YES;
				CLANG_WARN_DEPRECATED_OBJC_IMPLEMENTATIONS = YES;
				CLANG_WARN_DIRECT_OBJC_ISA_USAGE = YES_ERROR;
				CLANG_WARN_DOCUMENTATION_COMMENTS = YES;
				CLANG_WARN_EMPTY_BODY = YES;
				CLANG_WARN_ENUM_CONVERSION = YES;
				CLANG_WARN_INFINITE_RECURSION = YES;
				CLANG_WARN_INT_CONVERSION = YES;
				CLANG_WARN_NON_LITERAL_NULL_CONVERSION = YES;
				CLANG_WARN_OBJC_IMPLICIT_RETAIN_SELF = YES;
				CLANG_WARN_OBJC_LITERAL_CONVERSION = YES;
				CLANG_WARN_OBJC_ROOT_CLASS = YES_ERROR;
				CLANG_WARN_QUOTED_INCLUDE_IN_FRAMEWORK_HEADER = YES;
				CLANG_WARN_RANGE_LOOP_ANALYSIS = YES;
				CLANG_WARN_STRICT_PROTOTYPES = YES;
				CLANG_WARN_SUSPICIOUS_MOVE = YES;
				CLANG_WARN_UNGUARDED_AVAILABILITY = YES_AGGRESSIVE;
				CLANG_WARN_UNREACHABLE_CODE = YES;
				CLANG_WARN__DUPLICATE_METHOD_MATCH = YES;
				COPY_PHASE_STRIP = NO;
				DEBUG_INFORMATION_FORMAT = "dwarf-with-dsym";
				ENABLE_NS_ASSERTIONS = NO;
				ENABLE_STRICT_OBJC_MSGSEND = YES;
				ENABLE_USER_SCRIPT_SANDBOXING = YES;
				GCC_C_LANGUAGE_STANDARD = gnu17;
				GCC_NO_COMMON_BLOCKS = YES;
				GCC_WARN_64_TO_32_BIT_CONVERSION = YES;
				GCC_WARN_ABOUT_RETURN_TYPE = YES_ERROR;
				GCC_WARN_UNDECLARED_SELECTOR = YES;
				GCC_WARN_UNINITIALIZED_AUTOS = YES_AGGRESSIVE;
				GCC_WARN_UNUSED_FUNCTION = YES;
				GCC_WARN_UNUSED_VARIABLE = YES;
				IPHONEOS_DEPLOYMENT_TARGET = 17.0;
				LOCALIZATION_PREFERS_STRING_CATALOGS = YES;
				MTL_ENABLE_DEBUG_INFO = NO;
				MTL_FAST_MATH = YES;
				SDKROOT = iphoneos;
				SWIFT_COMPILATION_MODE = wholemodule;
				VALIDATE_PRODUCT = YES;
			};
			name = Release;
		};
		71D7173C2B9F0372009B1FD3 /* Debug */ = {
			isa = XCBuildConfiguration;
			buildSettings = {
				ASSETCATALOG_COMPILER_APPICON_NAME = AppIcon;
				ASSETCATALOG_COMPILER_GLOBAL_ACCENT_COLOR_NAME = AccentColor;
				CODE_SIGN_STYLE = Automatic;
				CURRENT_PROJECT_VERSION = 1;
				DEVELOPMENT_ASSET_PATHS = "\"Fashion Fixx/Preview Content\"";
				ENABLE_PREVIEWS = YES;
				GENERATE_INFOPLIST_FILE = YES;
				INFOPLIST_FILE = "Fashion-Fixx-Info.plist";
				INFOPLIST_KEY_UIApplicationSceneManifest_Generation = YES;
				INFOPLIST_KEY_UIApplicationSupportsIndirectInputEvents = YES;
				INFOPLIST_KEY_UILaunchScreen_Generation = YES;
				INFOPLIST_KEY_UILaunchStoryboardName = "Launch Screen.storyboard";
				INFOPLIST_KEY_UIStatusBarHidden = YES;
				INFOPLIST_KEY_UISupportedInterfaceOrientations = UIInterfaceOrientationPortrait;
				INFOPLIST_KEY_UISupportedInterfaceOrientations_iPad = "UIInterfaceOrientationLandscapeLeft UIInterfaceOrientationLandscapeRight UIInterfaceOrientationPortrait UIInterfaceOrientationPortraitUpsideDown";
				IPHONEOS_DEPLOYMENT_TARGET = 14.0;
				LD_RUNPATH_SEARCH_PATHS = (
					"$(inherited)",
					"@executable_path/Frameworks",
				);
				MARKETING_VERSION = 1.0;
				PRODUCT_BUNDLE_IDENTIFIER = "cw.ios.Fashion-Fixx";
				PRODUCT_NAME = "$(TARGET_NAME)";
				SUPPORTED_PLATFORMS = "iphoneos iphonesimulator";
				SUPPORTS_MACCATALYST = NO;
				SUPPORTS_MAC_DESIGNED_FOR_IPHONE_IPAD = NO;
				SWIFT_EMIT_LOC_STRINGS = YES;
				SWIFT_VERSION = 5.0;
				TARGETED_DEVICE_FAMILY = 1;
			};
			name = Debug;
		};
		71D7173D2B9F0372009B1FD3 /* Release */ = {
			isa = XCBuildConfiguration;
			buildSettings = {
				ASSETCATALOG_COMPILER_APPICON_NAME = AppIcon;
				ASSETCATALOG_COMPILER_GLOBAL_ACCENT_COLOR_NAME = AccentColor;
				CODE_SIGN_STYLE = Automatic;
				CURRENT_PROJECT_VERSION = 1;
				DEVELOPMENT_ASSET_PATHS = "\"Fashion Fixx/Preview Content\"";
				ENABLE_PREVIEWS = YES;
				GENERATE_INFOPLIST_FILE = YES;
				INFOPLIST_FILE = "Fashion-Fixx-Info.plist";
				INFOPLIST_KEY_UIApplicationSceneManifest_Generation = YES;
				INFOPLIST_KEY_UIApplicationSupportsIndirectInputEvents = YES;
				INFOPLIST_KEY_UILaunchScreen_Generation = YES;
				INFOPLIST_KEY_UILaunchStoryboardName = "Launch Screen.storyboard";
				INFOPLIST_KEY_UIStatusBarHidden = YES;
				INFOPLIST_KEY_UISupportedInterfaceOrientations = UIInterfaceOrientationPortrait;
				INFOPLIST_KEY_UISupportedInterfaceOrientations_iPad = "UIInterfaceOrientationLandscapeLeft UIInterfaceOrientationLandscapeRight UIInterfaceOrientationPortrait UIInterfaceOrientationPortraitUpsideDown";
				IPHONEOS_DEPLOYMENT_TARGET = 14.0;
				LD_RUNPATH_SEARCH_PATHS = (
					"$(inherited)",
					"@executable_path/Frameworks",
				);
				MARKETING_VERSION = 1.0;
				PRODUCT_BUNDLE_IDENTIFIER = "cw.ios.Fashion-Fixx";
				PRODUCT_NAME = "$(TARGET_NAME)";
				SUPPORTED_PLATFORMS = "iphoneos iphonesimulator";
				SUPPORTS_MACCATALYST = NO;
				SUPPORTS_MAC_DESIGNED_FOR_IPHONE_IPAD = NO;
				SWIFT_EMIT_LOC_STRINGS = YES;
				SWIFT_VERSION = 5.0;
				TARGETED_DEVICE_FAMILY = 1;
			};
			name = Release;
		};
		71D7173F2B9F0372009B1FD3 /* Debug */ = {
			isa = XCBuildConfiguration;
			buildSettings = {
				ALWAYS_EMBED_SWIFT_STANDARD_LIBRARIES = YES;
				BUNDLE_LOADER = "$(TEST_HOST)";
				CODE_SIGN_STYLE = Automatic;
				CURRENT_PROJECT_VERSION = 1;
				GENERATE_INFOPLIST_FILE = YES;
				IPHONEOS_DEPLOYMENT_TARGET = 17.0;
				MARKETING_VERSION = 1.0;
				PRODUCT_BUNDLE_IDENTIFIER = "cw.ios.Fashion-FixxTests";
				PRODUCT_NAME = "$(TARGET_NAME)";
				SWIFT_EMIT_LOC_STRINGS = NO;
				SWIFT_VERSION = 5.0;
				TARGETED_DEVICE_FAMILY = "1,2";
				TEST_HOST = "$(BUILT_PRODUCTS_DIR)/Fashion Fixx.app/$(BUNDLE_EXECUTABLE_FOLDER_PATH)/Fashion Fixx";
			};
			name = Debug;
		};
		71D717402B9F0372009B1FD3 /* Release */ = {
			isa = XCBuildConfiguration;
			buildSettings = {
				ALWAYS_EMBED_SWIFT_STANDARD_LIBRARIES = YES;
				BUNDLE_LOADER = "$(TEST_HOST)";
				CODE_SIGN_STYLE = Automatic;
				CURRENT_PROJECT_VERSION = 1;
				GENERATE_INFOPLIST_FILE = YES;
				IPHONEOS_DEPLOYMENT_TARGET = 17.0;
				MARKETING_VERSION = 1.0;
				PRODUCT_BUNDLE_IDENTIFIER = "cw.ios.Fashion-FixxTests";
				PRODUCT_NAME = "$(TARGET_NAME)";
				SWIFT_EMIT_LOC_STRINGS = NO;
				SWIFT_VERSION = 5.0;
				TARGETED_DEVICE_FAMILY = "1,2";
				TEST_HOST = "$(BUILT_PRODUCTS_DIR)/Fashion Fixx.app/$(BUNDLE_EXECUTABLE_FOLDER_PATH)/Fashion Fixx";
			};
			name = Release;
		};
		71D717422B9F0372009B1FD3 /* Debug */ = {
			isa = XCBuildConfiguration;
			buildSettings = {
				ALWAYS_EMBED_SWIFT_STANDARD_LIBRARIES = YES;
				CODE_SIGN_STYLE = Automatic;
				CURRENT_PROJECT_VERSION = 1;
				GENERATE_INFOPLIST_FILE = YES;
				MARKETING_VERSION = 1.0;
				PRODUCT_BUNDLE_IDENTIFIER = "cw.ios.Fashion-FixxUITests";
				PRODUCT_NAME = "$(TARGET_NAME)";
				SWIFT_EMIT_LOC_STRINGS = NO;
				SWIFT_VERSION = 5.0;
				TARGETED_DEVICE_FAMILY = "1,2";
				TEST_TARGET_NAME = "Fashion Fixx";
			};
			name = Debug;
		};
		71D717432B9F0372009B1FD3 /* Release */ = {
			isa = XCBuildConfiguration;
			buildSettings = {
				ALWAYS_EMBED_SWIFT_STANDARD_LIBRARIES = YES;
				CODE_SIGN_STYLE = Automatic;
				CURRENT_PROJECT_VERSION = 1;
				GENERATE_INFOPLIST_FILE = YES;
				MARKETING_VERSION = 1.0;
				PRODUCT_BUNDLE_IDENTIFIER = "cw.ios.Fashion-FixxUITests";
				PRODUCT_NAME = "$(TARGET_NAME)";
				SWIFT_EMIT_LOC_STRINGS = NO;
				SWIFT_VERSION = 5.0;
				TARGETED_DEVICE_FAMILY = "1,2";
				TEST_TARGET_NAME = "Fashion Fixx";
			};
			name = Release;
		};
/* End XCBuildConfiguration section */

/* Begin XCConfigurationList section */
		71D717122B9F036E009B1FD3 /* Build configuration list for PBXProject "Fashion Fixx" */ = {
			isa = XCConfigurationList;
			buildConfigurations = (
				71D717392B9F0372009B1FD3 /* Debug */,
				71D7173A2B9F0372009B1FD3 /* Release */,
			);
			defaultConfigurationIsVisible = 0;
			defaultConfigurationName = Release;
		};
		71D7173B2B9F0372009B1FD3 /* Build configuration list for PBXNativeTarget "Fashion Fixx" */ = {
			isa = XCConfigurationList;
			buildConfigurations = (
				71D7173C2B9F0372009B1FD3 /* Debug */,
				71D7173D2B9F0372009B1FD3 /* Release */,
			);
			defaultConfigurationIsVisible = 0;
			defaultConfigurationName = Release;
		};
		71D7173E2B9F0372009B1FD3 /* Build configuration list for PBXNativeTarget "Fashion FixxTests" */ = {
			isa = XCConfigurationList;
			buildConfigurations = (
				71D7173F2B9F0372009B1FD3 /* Debug */,
				71D717402B9F0372009B1FD3 /* Release */,
			);
			defaultConfigurationIsVisible = 0;
			defaultConfigurationName = Release;
		};
		71D717412B9F0372009B1FD3 /* Build configuration list for PBXNativeTarget "Fashion FixxUITests" */ = {
			isa = XCConfigurationList;
			buildConfigurations = (
				71D717422B9F0372009B1FD3 /* Debug */,
				71D717432B9F0372009B1FD3 /* Release */,
			);
			defaultConfigurationIsVisible = 0;
			defaultConfigurationName = Release;
		};
/* End XCConfigurationList section */

/* Begin XCRemoteSwiftPackageReference section */
		71D7175C2B9F3DA1009B1FD3 /* XCRemoteSwiftPackageReference "CountryPicker" */ = {
			isa = XCRemoteSwiftPackageReference;
			repositoryURL = "https://github.com/mobven/CountryPicker.git";
			requirement = {
				kind = upToNextMajorVersion;
				minimumVersion = 2.0.3;
			};
		};
		71D717972BA017CE009B1FD3 /* XCRemoteSwiftPackageReference "SDWebImageSwiftUI" */ = {
			isa = XCRemoteSwiftPackageReference;
			repositoryURL = "https://github.com/SDWebImage/SDWebImageSwiftUI.git";
			requirement = {
				kind = upToNextMajorVersion;
				minimumVersion = 3.0.0;
			};
		};
/* End XCRemoteSwiftPackageReference section */

/* Begin XCSwiftPackageProductDependency section */
		71D7175D2B9F3DA1009B1FD3 /* CountryPicker */ = {
			isa = XCSwiftPackageProductDependency;
			package = 71D7175C2B9F3DA1009B1FD3 /* XCRemoteSwiftPackageReference "CountryPicker" */;
			productName = CountryPicker;
		};
		71D717982BA017CE009B1FD3 /* SDWebImageSwiftUI */ = {
			isa = XCSwiftPackageProductDependency;
			package = 71D717972BA017CE009B1FD3 /* XCRemoteSwiftPackageReference "SDWebImageSwiftUI" */;
			productName = SDWebImageSwiftUI;
		};
/* End XCSwiftPackageProductDependency section */
	};
	rootObject = 71D7170F2B9F036E009B1FD3 /* Project object */;
}
